
Microsoft Visual Studio Solution File, Format Version 12.00
# Visual Studio Version 17
VisualStudioVersion = 17.13.35931.197 d17.13
MinimumVisualStudioVersion = 10.0.40219.1
Project("{FAE04EC0-301F-11D3-BF4B-00C04F79EFBC}") = "Ejercicio 1", "Ejercicio 1\Ejercicio 1.csproj", "{6FC0433F-C6AD-4061-976D-49CC4DCD34D8}"
EndProject
Project("{FAE04EC0-301F-11D3-BF4B-00C04F79EFBC}") = "Ejercicio 2", "Ejercicio 2\Ejercicio 2.csproj", "{97BFA19C-5824-4D37-B288-E42E722A1EE1}"
EndProject
Project("{FAE04EC0-301F-11D3-BF4B-00C04F79EFBC}") = "Ejercicio 3", "Ejercicio 3\Ejercicio 3.csproj", "{A4798450-6D6A-408E-8D57-B297A2B47CCE}"
EndProject
Global
	GlobalSection(SolutionConfigurationPlatforms) = preSolution
		Debug|Any CPU = Debug|Any CPU
		Release|Any CPU = Release|Any CPU
	EndGlobalSection
	GlobalSection(ProjectConfigurationPlatforms) = postSolution
		{6FC0433F-C6AD-4061-976D-49CC4DCD34D8}.Debug|Any CPU.ActiveCfg = Debug|Any CPU
		{6FC0433F-C6AD-4061-976D-49CC4DCD34D8}.Debug|Any CPU.Build.0 = Debug|Any CPU
		{6FC0433F-C6AD-4061-976D-49CC4DCD34D8}.Release|Any CPU.ActiveCfg = Release|Any CPU
		{6FC0433F-C6AD-4061-976D-49CC4DCD34D8}.Release|Any CPU.Build.0 = Release|Any CPU
		{97BFA19C-5824-4D37-B288-E42E722A1EE1}.Debug|Any CPU.ActiveCfg = Debug|Any CPU
		{97BFA19C-5824-4D37-B288-E42E722A1EE1}.Debug|Any CPU.Build.0 = Debug|Any CPU
		{97BFA19C-5824-4D37-B288-E42E722A1EE1}.Release|Any CPU.ActiveCfg = Release|Any CPU
		{97BFA19C-5824-4D37-B288-E42E722A1EE1}.Release|Any CPU.Build.0 = Release|Any CPU
		{A4798450-6D6A-408E-8D57-B297A2B47CCE}.Debug|Any CPU.ActiveCfg = Debug|Any CPU
		{A4798450-6D6A-408E-8D57-B297A2B47CCE}.Debug|Any CPU.Build.0 = Debug|Any CPU
		{A4798450-6D6A-408E-8D57-B297A2B47CCE}.Release|Any CPU.ActiveCfg = Release|Any CPU
		{A4798450-6D6A-408E-8D57-B297A2B47CCE}.Release|Any CPU.Build.0 = Release|Any CPU
	EndGlobalSection
	GlobalSection(SolutionProperties) = preSolution
		HideSolutionNode = FALSE
	EndGlobalSection
	GlobalSection(ExtensibilityGlobals) = postSolution
		SolutionGuid = {C99193C9-6C4F-440F-8D3E-9B548312DF49}
	EndGlobalSection
EndGlobal
